
Microsoft Visual Studio Solution File, Format Version 12.00
# Visual Studio Version 17
VisualStudioVersion = 17.4.33122.133
MinimumVisualStudioVersion = 10.0.40219.1
Project("{FAE04EC0-301F-11D3-BF4B-00C04F79EFBC}") = "ProyectoIIITrimProgramacion_Mecarap", "ProyectoIIITrimProgramacion_Mecarap\ProyectoIIITrimProgramacion_Mecarap.csproj", "{EAA3A8A7-5526-426B-A0AA-FC9BD4BBBF76}"
EndProject
Global
	GlobalSection(SolutionConfigurationPlatforms) = preSolution
		Debug|Any CPU = Debug|Any CPU
		Release|Any CPU = Release|Any CPU
	EndGlobalSection
	GlobalSection(ProjectConfigurationPlatforms) = postSolution
		{EAA3A8A7-5526-426B-A0AA-FC9BD4BBBF76}.Debug|Any CPU.ActiveCfg = Debug|Any CPU
		{EAA3A8A7-5526-426B-A0AA-FC9BD4BBBF76}.Debug|Any CPU.Build.0 = Debug|Any CPU
		{EAA3A8A7-5526-426B-A0AA-FC9BD4BBBF76}.Release|Any CPU.ActiveCfg = Release|Any CPU
		{EAA3A8A7-5526-426B-A0AA-FC9BD4BBBF76}.Release|Any CPU.Build.0 = Release|Any CPU
	EndGlobalSection
	GlobalSection(SolutionProperties) = preSolution
		HideSolutionNode = FALSE
	EndGlobalSection
	GlobalSection(ExtensibilityGlobals) = postSolution
		SolutionGuid = {054B25BD-C0E3-4BC2-9177-73C64BF0D6D2}
	EndGlobalSection
EndGlobal
